
Microsoft Visual Studio Solution File, Format Version 12.00
# Visual Studio 15
VisualStudioVersion = 15.0.28010.2036
MinimumVisualStudioVersion = 10.0.40219.1
Project("{FAE04EC0-301F-11D3-BF4B-00C04F79EFBC}") = "NMCT.Cloud1.labo2oef1", "..\NMCT.Cloud1.labo2oef1\NMCT.Cloud1.labo2oef1.csproj", "{D9C04357-C613-4EBD-8699-9E794B8B5FA4}"
EndProject
Global
	GlobalSection(SolutionConfigurationPlatforms) = preSolution
		Debug|Any CPU = Debug|Any CPU
		Release|Any CPU = Release|Any CPU
	EndGlobalSection
	GlobalSection(ProjectConfigurationPlatforms) = postSolution
		{D9C04357-C613-4EBD-8699-9E794B8B5FA4}.Debug|Any CPU.ActiveCfg = Debug|Any CPU
		{D9C04357-C613-4EBD-8699-9E794B8B5FA4}.Debug|Any CPU.Build.0 = Debug|Any CPU
		{D9C04357-C613-4EBD-8699-9E794B8B5FA4}.Release|Any CPU.ActiveCfg = Release|Any CPU
		{D9C04357-C613-4EBD-8699-9E794B8B5FA4}.Release|Any CPU.Build.0 = Release|Any CPU
	EndGlobalSection
	GlobalSection(SolutionProperties) = preSolution
		HideSolutionNode = FALSE
	EndGlobalSection
	GlobalSection(ExtensibilityGlobals) = postSolution
		SolutionGuid = {B5A7BB2D-7C0E-4418-8C14-BB986290115C}
	EndGlobalSection
EndGlobal
